
Microsoft Visual Studio Solution File, Format Version 12.00
# Visual Studio Version 17
VisualStudioVersion = 17.8.34525.116
MinimumVisualStudioVersion = 10.0.40219.1
Project("{9A19103F-16F7-4668-BE54-9A1E7A4F7556}") = "BitTorrentClient.Engine", "BitTorrentClient.Engine\BitTorrentClient.Engine.csproj", "{A0AAE634-4AA7-430C-9513-1ADAC4D03F06}"
EndProject
Project("{2150E333-8FDC-42A3-9474-1A3956D46DE8}") = "Solution Items", "Solution Items", "{10B683AC-BE3C-48E5-94FF-F13FBD25BFBB}"
	ProjectSection(SolutionItems) = preProject
		.editorconfig = .editorconfig
	EndProjectSection
EndProject
Project("{FAE04EC0-301F-11D3-BF4B-00C04F79EFBC}") = "BitTorrentClient.Tui", "BitTorrentClient.Tui\BitTorrentClient.Tui.csproj", "{3AC570A7-D251-42A6-B951-52B671E0C5DB}"
EndProject
Project("{FAE04EC0-301F-11D3-BF4B-00C04F79EFBC}") = "BitTorrentClient.Protocol", "BitTorrentClient.Protocol\BitTorrentClient.Protocol.csproj", "{1E5DE8C6-E831-49BE-8445-D64197F3ADA5}"
EndProject
Project("{FAE04EC0-301F-11D3-BF4B-00C04F79EFBC}") = "BitTorrentClient.Helpers", "BitTorrentClient.Helpers\BitTorrentClient.Helpers.csproj", "{0A009D00-993A-4AB0-9178-0A38EE440725}"
EndProject
Project("{FAE04EC0-301F-11D3-BF4B-00C04F79EFBC}") = "BitTorrentClient.Cli", "BitTorrentClient.Cli\BitTorrentClient.Cli.csproj", "{56551430-5303-4676-ADBD-7FC93D6266C4}"
EndProject
Project("{FAE04EC0-301F-11D3-BF4B-00C04F79EFBC}") = "BitTorrentClient", "BitTorrentClient\BitTorrentClient.csproj", "{C0CC261D-9B5A-4EC8-B38D-7F737D466865}"
EndProject
Global
	GlobalSection(SolutionConfigurationPlatforms) = preSolution
		Debug|Any CPU = Debug|Any CPU
		Debug|x64 = Debug|x64
		Debug|x86 = Debug|x86
		Release|Any CPU = Release|Any CPU
		Release|x64 = Release|x64
		Release|x86 = Release|x86
	EndGlobalSection
	GlobalSection(ProjectConfigurationPlatforms) = postSolution
		{A0AAE634-4AA7-430C-9513-1ADAC4D03F06}.Debug|Any CPU.ActiveCfg = Debug|Any CPU
		{A0AAE634-4AA7-430C-9513-1ADAC4D03F06}.Debug|Any CPU.Build.0 = Debug|Any CPU
		{A0AAE634-4AA7-430C-9513-1ADAC4D03F06}.Debug|x64.ActiveCfg = Debug|Any CPU
		{A0AAE634-4AA7-430C-9513-1ADAC4D03F06}.Debug|x64.Build.0 = Debug|Any CPU
		{A0AAE634-4AA7-430C-9513-1ADAC4D03F06}.Debug|x86.ActiveCfg = Debug|Any CPU
		{A0AAE634-4AA7-430C-9513-1ADAC4D03F06}.Debug|x86.Build.0 = Debug|Any CPU
		{A0AAE634-4AA7-430C-9513-1ADAC4D03F06}.Release|Any CPU.ActiveCfg = Release|Any CPU
		{A0AAE634-4AA7-430C-9513-1ADAC4D03F06}.Release|Any CPU.Build.0 = Release|Any CPU
		{A0AAE634-4AA7-430C-9513-1ADAC4D03F06}.Release|x64.ActiveCfg = Release|Any CPU
		{A0AAE634-4AA7-430C-9513-1ADAC4D03F06}.Release|x64.Build.0 = Release|Any CPU
		{A0AAE634-4AA7-430C-9513-1ADAC4D03F06}.Release|x86.ActiveCfg = Release|Any CPU
		{A0AAE634-4AA7-430C-9513-1ADAC4D03F06}.Release|x86.Build.0 = Release|Any CPU
		{3AC570A7-D251-42A6-B951-52B671E0C5DB}.Debug|Any CPU.ActiveCfg = Debug|Any CPU
		{3AC570A7-D251-42A6-B951-52B671E0C5DB}.Debug|Any CPU.Build.0 = Debug|Any CPU
		{3AC570A7-D251-42A6-B951-52B671E0C5DB}.Debug|x64.ActiveCfg = Debug|Any CPU
		{3AC570A7-D251-42A6-B951-52B671E0C5DB}.Debug|x64.Build.0 = Debug|Any CPU
		{3AC570A7-D251-42A6-B951-52B671E0C5DB}.Debug|x86.ActiveCfg = Debug|Any CPU
		{3AC570A7-D251-42A6-B951-52B671E0C5DB}.Debug|x86.Build.0 = Debug|Any CPU
		{3AC570A7-D251-42A6-B951-52B671E0C5DB}.Release|Any CPU.ActiveCfg = Release|Any CPU
		{3AC570A7-D251-42A6-B951-52B671E0C5DB}.Release|Any CPU.Build.0 = Release|Any CPU
		{3AC570A7-D251-42A6-B951-52B671E0C5DB}.Release|x64.ActiveCfg = Release|Any CPU
		{3AC570A7-D251-42A6-B951-52B671E0C5DB}.Release|x64.Build.0 = Release|Any CPU
		{3AC570A7-D251-42A6-B951-52B671E0C5DB}.Release|x86.ActiveCfg = Release|Any CPU
		{3AC570A7-D251-42A6-B951-52B671E0C5DB}.Release|x86.Build.0 = Release|Any CPU
		{1E5DE8C6-E831-49BE-8445-D64197F3ADA5}.Debug|Any CPU.ActiveCfg = Debug|Any CPU
		{1E5DE8C6-E831-49BE-8445-D64197F3ADA5}.Debug|Any CPU.Build.0 = Debug|Any CPU
		{1E5DE8C6-E831-49BE-8445-D64197F3ADA5}.Debug|x64.ActiveCfg = Debug|Any CPU
		{1E5DE8C6-E831-49BE-8445-D64197F3ADA5}.Debug|x64.Build.0 = Debug|Any CPU
		{1E5DE8C6-E831-49BE-8445-D64197F3ADA5}.Debug|x86.ActiveCfg = Debug|Any CPU
		{1E5DE8C6-E831-49BE-8445-D64197F3ADA5}.Debug|x86.Build.0 = Debug|Any CPU
		{1E5DE8C6-E831-49BE-8445-D64197F3ADA5}.Release|Any CPU.ActiveCfg = Release|Any CPU
		{1E5DE8C6-E831-49BE-8445-D64197F3ADA5}.Release|Any CPU.Build.0 = Release|Any CPU
		{1E5DE8C6-E831-49BE-8445-D64197F3ADA5}.Release|x64.ActiveCfg = Release|Any CPU
		{1E5DE8C6-E831-49BE-8445-D64197F3ADA5}.Release|x64.Build.0 = Release|Any CPU
		{1E5DE8C6-E831-49BE-8445-D64197F3ADA5}.Release|x86.ActiveCfg = Release|Any CPU
		{1E5DE8C6-E831-49BE-8445-D64197F3ADA5}.Release|x86.Build.0 = Release|Any CPU
		{0A009D00-993A-4AB0-9178-0A38EE440725}.Debug|Any CPU.ActiveCfg = Debug|Any CPU
		{0A009D00-993A-4AB0-9178-0A38EE440725}.Debug|Any CPU.Build.0 = Debug|Any CPU
		{0A009D00-993A-4AB0-9178-0A38EE440725}.Debug|x64.ActiveCfg = Debug|Any CPU
		{0A009D00-993A-4AB0-9178-0A38EE440725}.Debug|x64.Build.0 = Debug|Any CPU
		{0A009D00-993A-4AB0-9178-0A38EE440725}.Debug|x86.ActiveCfg = Debug|Any CPU
		{0A009D00-993A-4AB0-9178-0A38EE440725}.Debug|x86.Build.0 = Debug|Any CPU
		{0A009D00-993A-4AB0-9178-0A38EE440725}.Release|Any CPU.ActiveCfg = Release|Any CPU
		{0A009D00-993A-4AB0-9178-0A38EE440725}.Release|Any CPU.Build.0 = Release|Any CPU
		{0A009D00-993A-4AB0-9178-0A38EE440725}.Release|x64.ActiveCfg = Release|Any CPU
		{0A009D00-993A-4AB0-9178-0A38EE440725}.Release|x64.Build.0 = Release|Any CPU
		{0A009D00-993A-4AB0-9178-0A38EE440725}.Release|x86.ActiveCfg = Release|Any CPU
		{0A009D00-993A-4AB0-9178-0A38EE440725}.Release|x86.Build.0 = Release|Any CPU
		{56551430-5303-4676-ADBD-7FC93D6266C4}.Debug|Any CPU.ActiveCfg = Debug|Any CPU
		{56551430-5303-4676-ADBD-7FC93D6266C4}.Debug|Any CPU.Build.0 = Debug|Any CPU
		{56551430-5303-4676-ADBD-7FC93D6266C4}.Debug|x64.ActiveCfg = Debug|Any CPU
		{56551430-5303-4676-ADBD-7FC93D6266C4}.Debug|x64.Build.0 = Debug|Any CPU
		{56551430-5303-4676-ADBD-7FC93D6266C4}.Debug|x86.ActiveCfg = Debug|Any CPU
		{56551430-5303-4676-ADBD-7FC93D6266C4}.Debug|x86.Build.0 = Debug|Any CPU
		{56551430-5303-4676-ADBD-7FC93D6266C4}.Release|Any CPU.ActiveCfg = Release|Any CPU
		{56551430-5303-4676-ADBD-7FC93D6266C4}.Release|Any CPU.Build.0 = Release|Any CPU
		{56551430-5303-4676-ADBD-7FC93D6266C4}.Release|x64.ActiveCfg = Release|Any CPU
		{56551430-5303-4676-ADBD-7FC93D6266C4}.Release|x64.Build.0 = Release|Any CPU
		{56551430-5303-4676-ADBD-7FC93D6266C4}.Release|x86.ActiveCfg = Release|Any CPU
		{56551430-5303-4676-ADBD-7FC93D6266C4}.Release|x86.Build.0 = Release|Any CPU
		{C0CC261D-9B5A-4EC8-B38D-7F737D466865}.Debug|Any CPU.ActiveCfg = Debug|Any CPU
		{C0CC261D-9B5A-4EC8-B38D-7F737D466865}.Debug|Any CPU.Build.0 = Debug|Any CPU
		{C0CC261D-9B5A-4EC8-B38D-7F737D466865}.Debug|x64.ActiveCfg = Debug|Any CPU
		{C0CC261D-9B5A-4EC8-B38D-7F737D466865}.Debug|x64.Build.0 = Debug|Any CPU
		{C0CC261D-9B5A-4EC8-B38D-7F737D466865}.Debug|x86.ActiveCfg = Debug|Any CPU
		{C0CC261D-9B5A-4EC8-B38D-7F737D466865}.Debug|x86.Build.0 = Debug|Any CPU
		{C0CC261D-9B5A-4EC8-B38D-7F737D466865}.Release|Any CPU.ActiveCfg = Release|Any CPU
		{C0CC261D-9B5A-4EC8-B38D-7F737D466865}.Release|Any CPU.Build.0 = Release|Any CPU
		{C0CC261D-9B5A-4EC8-B38D-7F737D466865}.Release|x64.ActiveCfg = Release|Any CPU
		{C0CC261D-9B5A-4EC8-B38D-7F737D466865}.Release|x64.Build.0 = Release|Any CPU
		{C0CC261D-9B5A-4EC8-B38D-7F737D466865}.Release|x86.ActiveCfg = Release|Any CPU
		{C0CC261D-9B5A-4EC8-B38D-7F737D466865}.Release|x86.Build.0 = Release|Any CPU
	EndGlobalSection
	GlobalSection(SolutionProperties) = preSolution
		HideSolutionNode = FALSE
	EndGlobalSection
	GlobalSection(ExtensibilityGlobals) = postSolution
		SolutionGuid = {9F74757A-5FA6-4133-859D-8F1F3B05F937}
	EndGlobalSection
EndGlobal
